
Microsoft Visual Studio Solution File, Format Version 12.00
# Visual Studio Version 17
VisualStudioVersion = 17.0.32014.148
MinimumVisualStudioVersion = 10.0.40219.1
Project("{FAE04EC0-301F-11D3-BF4B-00C04F79EFBC}") = "fileorgodev", "fileorgodev\fileorgodev.csproj", "{F59149FA-A8AA-4CF8-A8C2-416E09E6BBF8}"
EndProject
Global
	GlobalSection(SolutionConfigurationPlatforms) = preSolution
		Debug|Any CPU = Debug|Any CPU
		Release|Any CPU = Release|Any CPU
	EndGlobalSection
	GlobalSection(ProjectConfigurationPlatforms) = postSolution
		{F59149FA-A8AA-4CF8-A8C2-416E09E6BBF8}.Debug|Any CPU.ActiveCfg = Debug|Any CPU
		{F59149FA-A8AA-4CF8-A8C2-416E09E6BBF8}.Debug|Any CPU.Build.0 = Debug|Any CPU
		{F59149FA-A8AA-4CF8-A8C2-416E09E6BBF8}.Release|Any CPU.ActiveCfg = Release|Any CPU
		{F59149FA-A8AA-4CF8-A8C2-416E09E6BBF8}.Release|Any CPU.Build.0 = Release|Any CPU
	EndGlobalSection
	GlobalSection(SolutionProperties) = preSolution
		HideSolutionNode = FALSE
	EndGlobalSection
	GlobalSection(ExtensibilityGlobals) = postSolution
		SolutionGuid = {56A336BF-5939-4D6F-A2D9-3A246821D394}
	EndGlobalSection
EndGlobal
